{
  "name": "test",
  "version": "1.0.0",
  "lockfileVersion": 3,
  "requires": true,
  "packages": {
    "": {
      "name": "test",
      "version": "1.0.0",
      "dependencies": {
        "@lynx-js/web-core": "^0.15.7",
        "@lynx-js/web-elements": "^0.8.4",
        "react": "^18.3.1",
        "react-dom": "^18.3.1"
      },
      "devDependencies": {
        "@rsbuild/core": "^1.5.0",
        "@rsbuild/plugin-react": "^1.4.0",
        "@types/node": "^24.3.0",
        "@types/react": "^18.3.18",
        "@types/react-dom": "^18.3.5",
        "typescript": "^5.9.2"
      }
    },
    "node_modules/@lynx-js/lynx-core": {
      "version": "0.1.3",
      "license": "Apache-2.0",
      "peer": true
    },
    "node_modules/@lynx-js/offscreen-document": {
      "version": "0.1.3",
      "license": "Apache-2.0"
    },
    "node_modules/@lynx-js/web-constants": {
      "version": "0.15.7",
      "license": "Apache-2.0",
      "dependencies": {
        "@lynx-js/web-worker-rpc": "0.15.7"
      }
    },
    "node_modules/@lynx-js/web-core": {
      "version": "0.15.7",
      "license": "Apache-2.0",
      "dependencies": {
        "@lynx-js/offscreen-document": "0.1.3",
        "@lynx-js/web-constants": "0.15.7",
        "@lynx-js/web-mainthread-apis": "0.15.7",
        "@lynx-js/web-worker-rpc": "0.15.7",
        "@lynx-js/web-worker-runtime": "0.15.7"
      },
      "peerDependencies": {
        "@lynx-js/lynx-core": "0.1.3",
        "@lynx-js/web-elements": ">0.7.7"
      }
    },
    "node_modules/@lynx-js/web-elements": {
      "version": "0.8.4",
      "license": "Apache-2.0",
      "dependencies": {
        "@lynx-js/web-elements-reactive": "0.2.2",
        "@lynx-js/web-elements-template": "0.8.4"
      },
      "peerDependencies": {
        "tslib": "^2.5.0"
      }
    },
    "node_modules/@lynx-js/web-elements-reactive": {
      "version": "0.2.2",
      "license": "Apache-2.0"
    },
    "node_modules/@lynx-js/web-elements-template": {
      "version": "0.8.4",
      "license": "Apache-2.0"
    },
    "node_modules/@lynx-js/web-mainthread-apis": {
      "version": "0.15.7",
      "license": "Apache-2.0",
      "dependencies": {
        "@lynx-js/web-constants": "0.15.7",
        "@lynx-js/web-style-transformer": "0.15.7",
        "hyphenate-style-name": "^1.1.0"
      }
    },
    "node_modules/@lynx-js/web-style-transformer": {
      "version": "0.15.7",
      "license": "Apache-2.0",
      "dependencies": {
        "wasm-feature-detect": "^1.8.0"
      }
    },
    "node_modules/@lynx-js/web-worker-rpc": {
      "version": "0.15.7",
      "license": "Apache-2.0"
    },
    "node_modules/@lynx-js/web-worker-runtime": {
      "version": "0.15.7",
      "license": "Apache-2.0",
      "dependencies": {
        "@lynx-js/offscreen-document": "0.1.3",
        "@lynx-js/web-constants": "0.15.7",
        "@lynx-js/web-mainthread-apis": "0.15.7",
        "@lynx-js/web-worker-rpc": "0.15.7"
      },
      "peerDependencies": {
        "@lynx-js/lynx-core": "0.1.3"
      }
    },
    "node_modules/@module-federation/error-codes": {
      "version": "0.18.0",
      "dev": true,
      "license": "MIT"
    },
    "node_modules/@module-federation/runtime": {
      "version": "0.18.0",
      "dev": true,
      "license": "MIT",
      "dependencies": {
        "@module-federation/error-codes": "0.18.0",
        "@module-federation/runtime-core": "0.18.0",
        "@module-federation/sdk": "0.18.0"
      }
    },
    "node_modules/@module-federation/runtime-core": {
      "version": "0.18.0",
      "dev": true,
      "license": "MIT",
      "dependencies": {
        "@module-federation/error-codes": "0.18.0",
        "@module-federation/sdk": "0.18.0"
      }
    },
    "node_modules/@module-federation/runtime-tools": {
      "version": "0.18.0",
      "dev": true,
      "license": "MIT",
      "dependencies": {
        "@module-federation/runtime": "0.18.0",
        "@module-federation/webpack-bundler-runtime": "0.18.0"
      }
    },
    "node_modules/@module-federation/sdk": {
      "version": "0.18.0",
      "dev": true,
      "license": "MIT"
    },
    "node_modules/@module-federation/webpack-bundler-runtime": {
      "version": "0.18.0",
      "dev": true,
      "license": "MIT",
      "dependencies": {
        "@module-federation/runtime": "0.18.0",
        "@module-federation/sdk": "0.18.0"
      }
    },
    "node_modules/@rsbuild/core": {
      "version": "1.5.2",
      "dev": true,
      "license": "MIT",
      "dependencies": {
        "@rspack/core": "1.5.1",
        "@rspack/lite-tapable": "~1.0.1",
        "@swc/helpers": "^0.5.17",
        "core-js": "~3.45.1",
        "jiti": "^2.5.1"
      },
      "bin": {
        "rsbuild": "bin/rsbuild.js"
      },
      "engines": {
        "node": ">=18.12.0"
      }
    },
    "node_modules/@rsbuild/plugin-react": {
      "version": "1.4.0",
      "dev": true,
      "license": "MIT",
      "dependencies": {
        "@rspack/plugin-react-refresh": "^1.5.0",
        "react-refresh": "^0.17.0"
      },
      "peerDependencies": {
        "@rsbuild/core": "1.x"
      }
    },
    "node_modules/@rspack/binding": {
      "version": "1.5.1",
      "dev": true,
      "license": "MIT",
      "optionalDependencies": {
        "@rspack/binding-darwin-arm64": "1.5.1",
        "@rspack/binding-darwin-x64": "1.5.1",
        "@rspack/binding-linux-arm64-gnu": "1.5.1",
        "@rspack/binding-linux-arm64-musl": "1.5.1",
        "@rspack/binding-linux-x64-gnu": "1.5.1",
        "@rspack/binding-linux-x64-musl": "1.5.1",
        "@rspack/binding-wasm32-wasi": "1.5.1",
        "@rspack/binding-win32-arm64-msvc": "1.5.1",
        "@rspack/binding-win32-ia32-msvc": "1.5.1",
        "@rspack/binding-win32-x64-msvc": "1.5.1"
      }
    },
    "node_modules/@rspack/binding-win32-x64-msvc": {
      "version": "1.5.1",
      "cpu": [
        "x64"
      ],
      "dev": true,
      "license": "MIT",
      "optional": true,
      "os": [
        "win32"
      ]
    },
    "node_modules/@rspack/core": {
      "version": "1.5.1",
      "dev": true,
      "license": "MIT",
      "dependencies": {
        "@module-federation/runtime-tools": "0.18.0",
        "@rspack/binding": "1.5.1",
        "@rspack/lite-tapable": "1.0.1"
      },
      "engines": {
        "node": ">=18.12.0"
      },
      "peerDependencies": {
        "@swc/helpers": ">=0.5.1"
      },
      "peerDependenciesMeta": {
        "@swc/helpers": {
          "optional": true
        }
      }
    },
    "node_modules/@rspack/lite-tapable": {
      "version": "1.0.1",
      "dev": true,
      "license": "MIT",
      "engines": {
        "node": ">=16.0.0"
      }
    },
    "node_modules/@rspack/plugin-react-refresh": {
      "version": "1.5.0",
      "dev": true,
      "license": "MIT",
      "dependencies": {
        "error-stack-parser": "^2.1.4",
        "html-entities": "^2.6.0"
      },
      "peerDependencies": {
        "react-refresh": ">=0.10.0 <1.0.0",
        "webpack-hot-middleware": "2.x"
      },
      "peerDependenciesMeta": {
        "webpack-hot-middleware": {
          "optional": true
        }
      }
    },
    "node_modules/@swc/helpers": {
      "version": "0.5.17",
      "dev": true,
      "license": "Apache-2.0",
      "dependencies": {
        "tslib": "^2.8.0"
      }
    },
    "node_modules/@types/node": {
      "version": "24.3.0",
      "resolved": "https://registry.npmjs.org/@types/node/-/node-24.3.0.tgz",
      "integrity": "sha512-aPTXCrfwnDLj4VvXrm+UUCQjNEvJgNA8s5F1cvwQU+3KNltTOkBm1j30uNLyqqPNe7gE3KFzImYoZEfLhp4Yow==",
      "dev": true,
      "license": "MIT",
      "dependencies": {
        "undici-types": "~7.10.0"
      }
    },
    "node_modules/@types/prop-types": {
      "version": "15.7.15",
      "dev": true,
      "license": "MIT"
    },
    "node_modules/@types/react": {
      "version": "18.3.24",
      "dev": true,
      "license": "MIT",
      "dependencies": {
        "@types/prop-types": "*",
        "csstype": "^3.0.2"
      }
    },
    "node_modules/@types/react-dom": {
      "version": "18.3.7",
      "dev": true,
      "license": "MIT",
      "peerDependencies": {
        "@types/react": "^18.0.0"
      }
    },
    "node_modules/core-js": {
      "version": "3.45.1",
      "dev": true,
      "hasInstallScript": true,
      "license": "MIT",
      "funding": {
        "type": "opencollective",
        "url": "https://opencollective.com/core-js"
      }
    },
    "node_modules/csstype": {
      "version": "3.1.3",
      "dev": true,
      "license": "MIT"
    },
    "node_modules/error-stack-parser": {
      "version": "2.1.4",
      "dev": true,
      "license": "MIT",
      "dependencies": {
        "stackframe": "^1.3.4"
      }
    },
    "node_modules/html-entities": {
      "version": "2.6.0",
      "dev": true,
      "funding": [
        {
          "type": "github",
          "url": "https://github.com/sponsors/mdevils"
        },
        {
          "type": "patreon",
          "url": "https://patreon.com/mdevils"
        }
      ],
      "license": "MIT"
    },
    "node_modules/hyphenate-style-name": {
      "version": "1.1.0",
      "license": "BSD-3-Clause"
    },
    "node_modules/jiti": {
      "version": "2.5.1",
      "dev": true,
      "license": "MIT",
      "bin": {
        "jiti": "lib/jiti-cli.mjs"
      }
    },
    "node_modules/js-tokens": {
      "version": "4.0.0",
      "license": "MIT"
    },
    "node_modules/loose-envify": {
      "version": "1.4.0",
      "license": "MIT",
      "dependencies": {
        "js-tokens": "^3.0.0 || ^4.0.0"
      },
      "bin": {
        "loose-envify": "cli.js"
      }
    },
    "node_modules/react": {
      "version": "18.3.1",
      "license": "MIT",
      "dependencies": {
        "loose-envify": "^1.1.0"
      },
      "engines": {
        "node": ">=0.10.0"
      }
    },
    "node_modules/react-dom": {
      "version": "18.3.1",
      "license": "MIT",
      "dependencies": {
        "loose-envify": "^1.1.0",
        "scheduler": "^0.23.2"
      },
      "peerDependencies": {
        "react": "^18.3.1"
      }
    },
    "node_modules/react-refresh": {
      "version": "0.17.0",
      "dev": true,
      "license": "MIT",
      "engines": {
        "node": ">=0.10.0"
      }
    },
    "node_modules/scheduler": {
      "version": "0.23.2",
      "license": "MIT",
      "dependencies": {
        "loose-envify": "^1.1.0"
      }
    },
    "node_modules/stackframe": {
      "version": "1.3.4",
      "dev": true,
      "license": "MIT"
    },
    "node_modules/tslib": {
      "version": "2.8.1",
      "license": "0BSD"
    },
    "node_modules/typescript": {
      "version": "5.9.2",
      "dev": true,
      "license": "Apache-2.0",
      "bin": {
        "tsc": "bin/tsc",
        "tsserver": "bin/tsserver"
      },
      "engines": {
        "node": ">=14.17"
      }
    },
    "node_modules/undici-types": {
      "version": "7.10.0",
      "resolved": "https://registry.npmjs.org/undici-types/-/undici-types-7.10.0.tgz",
      "integrity": "sha512-t5Fy/nfn+14LuOc2KNYg75vZqClpAiqscVvMygNnlsHBFpSXdJaYtXMcdNLpl/Qvc3P2cB3s6lOV51nqsFq4ag==",
      "dev": true,
      "license": "MIT"
    },
    "node_modules/wasm-feature-detect": {
      "version": "1.8.0",
      "license": "Apache-2.0"
    }
  }
}
