{
  "lockfileVersion": 1,
  "workspaces": {
    "": {
      "dependencies": {
        "@openzeppelin/contracts": "^5.4.0",
      },
    },
  },
  "packages": {
    "@openzeppelin/contracts": ["@openzeppelin/contracts@5.4.0", "", {}, "sha512-eCYgWnLg6WO+X52I16TZt8uEjbtdkgLC0SUX/xnAksjjrQI4Xfn4iBRoI5j55dmlOhDv1Y7BoR3cU7e3WWhC6A=="],
  }
}
